
Microsoft Visual Studio Solution File, Format Version 12.00
# Visual Studio Version 16
VisualStudioVersion = 16.0.30804.86
MinimumVisualStudioVersion = 10.0.40219.1
Project("{9A19103F-16F7-4668-BE54-9A1E7A4F7556}") = "WebApp_4", "WebApp_4\WebApp_4.csproj", "{FC3943E4-8F42-40B0-A98F-815DF13852F2}"
EndProject
Global
	GlobalSection(SolutionConfigurationPlatforms) = preSolution
		Debug|Any CPU = Debug|Any CPU
		Release|Any CPU = Release|Any CPU
	EndGlobalSection
	GlobalSection(ProjectConfigurationPlatforms) = postSolution
		{FC3943E4-8F42-40B0-A98F-815DF13852F2}.Debug|Any CPU.ActiveCfg = Debug|Any CPU
		{FC3943E4-8F42-40B0-A98F-815DF13852F2}.Debug|Any CPU.Build.0 = Debug|Any CPU
		{FC3943E4-8F42-40B0-A98F-815DF13852F2}.Release|Any CPU.ActiveCfg = Release|Any CPU
		{FC3943E4-8F42-40B0-A98F-815DF13852F2}.Release|Any CPU.Build.0 = Release|Any CPU
	EndGlobalSection
	GlobalSection(SolutionProperties) = preSolution
		HideSolutionNode = FALSE
	EndGlobalSection
	GlobalSection(ExtensibilityGlobals) = postSolution
		SolutionGuid = {0E1D34AF-92E1-426E-A194-C87D12F35D7F}
	EndGlobalSection
EndGlobal
